Microsoft Visual Studio Solution File, Format Version 11.00
# Visual Studio 2008

Project("{DC968A2E-E7DB-107E-D7B4-5CC479BDB6A8}") = "MovementTesting", "Assembly-CSharp-firstpass.csproj", "{251CEA5C-615A-2474-5E62-F6BC7CAA2397}"
EndProject
Project("{DC968A2E-E7DB-107E-D7B4-5CC479BDB6A8}") = "MovementTesting", "Assembly-CSharp.csproj", "{4496649A-610F-5DDB-2C06-94A91EB26116}"
EndProject
Project("{DC968A2E-E7DB-107E-D7B4-5CC479BDB6A8}") = "MovementTesting", "Assembly-UnityScript-firstpass.unityproj", "{D29CC17A-FB66-B4C2-B11C-C57D99243B4B}"
EndProject
Project("{DC968A2E-E7DB-107E-D7B4-5CC479BDB6A8}") = "MovementTesting", "Assembly-UnityScript.unityproj", "{A3DD4535-9797-49AF-00EA-1E72ED2570F2}"
EndProject
Global
	GlobalSection(SolutionConfigurationPlatforms) = preSolution
		Debug|Any CPU = Debug|Any CPU
		Release|Any CPU = Release|Any CPU
	EndGlobalSection
	GlobalSection(ProjectConfigurationPlatforms) = postSolution
		{251CEA5C-615A-2474-5E62-F6BC7CAA2397}.Debug|Any CPU.ActiveCfg = Debug|Any CPU
		{251CEA5C-615A-2474-5E62-F6BC7CAA2397}.Debug|Any CPU.Build.0 = Debug|Any CPU
		{251CEA5C-615A-2474-5E62-F6BC7CAA2397}.Release|Any CPU.ActiveCfg = Release|Any CPU
		{251CEA5C-615A-2474-5E62-F6BC7CAA2397}.Release|Any CPU.Build.0 = Release|Any CPU
		{4496649A-610F-5DDB-2C06-94A91EB26116}.Debug|Any CPU.ActiveCfg = Debug|Any CPU
		{4496649A-610F-5DDB-2C06-94A91EB26116}.Debug|Any CPU.Build.0 = Debug|Any CPU
		{4496649A-610F-5DDB-2C06-94A91EB26116}.Release|Any CPU.ActiveCfg = Release|Any CPU
		{4496649A-610F-5DDB-2C06-94A91EB26116}.Release|Any CPU.Build.0 = Release|Any CPU
		{D29CC17A-FB66-B4C2-B11C-C57D99243B4B}.Debug|Any CPU.ActiveCfg = Debug|Any CPU
		{D29CC17A-FB66-B4C2-B11C-C57D99243B4B}.Debug|Any CPU.Build.0 = Debug|Any CPU
		{D29CC17A-FB66-B4C2-B11C-C57D99243B4B}.Release|Any CPU.ActiveCfg = Release|Any CPU
		{D29CC17A-FB66-B4C2-B11C-C57D99243B4B}.Release|Any CPU.Build.0 = Release|Any CPU
		{A3DD4535-9797-49AF-00EA-1E72ED2570F2}.Debug|Any CPU.ActiveCfg = Debug|Any CPU
		{A3DD4535-9797-49AF-00EA-1E72ED2570F2}.Debug|Any CPU.Build.0 = Debug|Any CPU
		{A3DD4535-9797-49AF-00EA-1E72ED2570F2}.Release|Any CPU.ActiveCfg = Release|Any CPU
		{A3DD4535-9797-49AF-00EA-1E72ED2570F2}.Release|Any CPU.Build.0 = Release|Any CPU
	EndGlobalSection
	GlobalSection(SolutionProperties) = preSolution
		HideSolutionNode = FALSE
	EndGlobalSection
															GlobalSection(MonoDevelopProperties) = preSolution
		StartupItem = Assembly-CSharp.csproj
		Policies = $0
		$0.TextStylePolicy = $1
		$1.inheritsSet = null
		$1.scope = text/x-csharp
		$0.CSharpFormattingPolicy = $2
		$2.inheritsSet = Mono
		$2.inheritsScope = text/x-csharp
		$2.scope = text/x-csharp
		$0.TextStylePolicy = $3
		$3.FileWidth = 120
		$3.TabWidth = 4
		$3.IndentWidth = 4
		$3.EolMarker = Unix
		$3.inheritsSet = Mono
		$3.inheritsScope = text/plain
		$3.scope = text/plain
	EndGlobalSection

EndGlobal
